# @generated by Move, please check-in and do not edit manually.

[move]
version = 3
manifest_digest = "135C94CAEA736BAC98FE950105358F62F0BC041D4455A44D142A1168F10E9C4F"
deps_digest = "F8BBB0CCB2491CA29A3DF03D6F92277A4F3574266507ACD77214D37ECA3F3082"
dependencies = [
  { id = "Iota", name = "Iota" },
]

[[move.package]]
id = "Iota"
source = { git = "https://github.com/iotaledger/iota.git", rev = "mainnet", subdir = "crates/iota-framework/packages/iota-framework" }

dependencies = [
  { id = "MoveStdlib", name = "MoveStdlib" },
]

[[move.package]]
id = "MoveStdlib"
source = { git = "https://github.com/iotaledger/iota.git", rev = "mainnet", subdir = "crates/iota-framework/packages/move-stdlib" }

[move.toolchain-version]
compiler-version = "1.25.0"
edition = "2024.beta"
flavor = "iota"

[env]

[env.testnet]
chain-id = "2304aa97"
original-published-id = "0xa17a10b671af083838cd8f4a02c2e064719a9ce0e55b48ffe62f87a6c53f599d"
latest-published-id = "0xd64e3ab56d2da4e964be27a668aef50c84d64906e27b6ac8b8fdb0e37030a259"
published-version = "4"

[env.devnet]
chain-id = "daf90477"
original-published-id = "0x7e75662089dd72910f96bce5bfe78ee090cdd5e76f26b8b3bcbab85c4b1f2be3"
latest-published-id = "0x7e75662089dd72910f96bce5bfe78ee090cdd5e76f26b8b3bcbab85c4b1f2be3"
published-version = "1"
