# @generated by Move, please check-in and do not edit manually.

[move]
version = 3
manifest_digest = "4A9ADFF1DFB7CDA18C1D06F1593CD685AA1F231D73728737A4279FCC7069398D"
deps_digest = "F8BBB0CCB2491CA29A3DF03D6F92277A4F3574266507ACD77214D37ECA3F3082"
dependencies = [
  { id = "Iota", name = "Iota" },
]

[[move.package]]
id = "Iota"
source = { git = "https://github.com/iotaledger/iota.git", rev = "mainnet", subdir = "crates/iota-framework/packages/iota-framework" }

dependencies = [
  { id = "MoveStdlib", name = "MoveStdlib" },
]

[[move.package]]
id = "MoveStdlib"
source = { git = "https://github.com/iotaledger/iota.git", rev = "mainnet", subdir = "crates/iota-framework/packages/move-stdlib" }

[move.toolchain-version]
compiler-version = "1.25.0"
edition = "2024.beta"
flavor = "iota"

[env]

[env.testnet]
chain-id = "2304aa97"
original-published-id = "0xe83938242f68156e70fe0a3be1b2ff73b73a6603074be4a3ea7024e6ff30783a"
latest-published-id = "0xe83938242f68156e70fe0a3be1b2ff73b73a6603074be4a3ea7024e6ff30783a"
published-version = "1"
