# @generated by Move, please check-in and do not edit manually.

[move]
version = 3
manifest_digest = "016313BEFA318C9ED817CD2B57218BBAF4AAACC43CE69B6CA6CF6B4F190A16A2"
deps_digest = "F8BBB0CCB2491CA29A3DF03D6F92277A4F3574266507ACD77214D37ECA3F3082"
dependencies = [
  { id = "Iota", name = "Iota" },
]

[[move.package]]
id = "Iota"
source = { git = "https://github.com/iotaledger/iota.git", rev = "mainnet", subdir = "crates/iota-framework/packages/iota-framework" }

dependencies = [
  { id = "MoveStdlib", name = "MoveStdlib" },
]

[[move.package]]
id = "MoveStdlib"
source = { git = "https://github.com/iotaledger/iota.git", rev = "mainnet", subdir = "crates/iota-framework/packages/move-stdlib" }

[move.toolchain-version]
compiler-version = "1.25.0"
edition = "2024.beta"
flavor = "iota"

[env]

[env.testnet]
chain-id = "2304aa97"
original-published-id = "0xb4259ca1304afaab2d2378945bd3ec1e175cdf0e3b451741d22f946417642d5f"
latest-published-id = "0xb4259ca1304afaab2d2378945bd3ec1e175cdf0e3b451741d22f946417642d5f"
published-version = "1"
