# @generated by Move, please check-in and do not edit manually.

[move]
version = 3
manifest_digest = "2145E3778D4D08E218970AC924FC547D7E04C142CC8B80DA3303B141A1A8EEF1"
deps_digest = "F8BBB0CCB2491CA29A3DF03D6F92277A4F3574266507ACD77214D37ECA3F3082"
dependencies = [
  { id = "Iota", name = "Iota" },
]

[[move.package]]
id = "Iota"
source = { git = "https://github.com/iotaledger/iota.git", rev = "mainnet", subdir = "crates/iota-framework/packages/iota-framework" }

dependencies = [
  { id = "MoveStdlib", name = "MoveStdlib" },
]

[[move.package]]
id = "MoveStdlib"
source = { git = "https://github.com/iotaledger/iota.git", rev = "mainnet", subdir = "crates/iota-framework/packages/move-stdlib" }

[move.toolchain-version]
compiler-version = "1.25.0"
edition = "2024.beta"
flavor = "iota"

[env]

[env.testnet]
chain-id = "2304aa97"
original-published-id = "0x01d91ac2f8d55b6b332a5afe8a6656359734895f56dc9780ce5177cb705446ba"
latest-published-id = "0x01d91ac2f8d55b6b332a5afe8a6656359734895f56dc9780ce5177cb705446ba"
published-version = "1"
